
Microsoft Visual Studio Solution File, Format Version 12.00
# Visual Studio Version 16
VisualStudioVersion = 16.0.31402.337
MinimumVisualStudioVersion = 10.0.40219.1
Project("{FAE04EC0-301F-11D3-BF4B-00C04F79EFBC}") = "WS.DA", "WS.DA\WS.DA.csproj", "{374B5966-D3DB-4983-9787-2E4F63FA0985}"
EndProject
Project("{FAE04EC0-301F-11D3-BF4B-00C04F79EFBC}") = "WS.Core", "WS.Core\WS.Core.csproj", "{824458AE-34E5-4DA1-95D5-C2318B37AD77}"
EndProject
Project("{FAE04EC0-301F-11D3-BF4B-00C04F79EFBC}") = "WS.DTO", "WS.DTO\WS.DTO.csproj", "{97362F32-F7A8-4EB1-BB43-3C4FA8B19048}"
EndProject
Project("{FAE04EC0-301F-11D3-BF4B-00C04F79EFBC}") = "WS.API", "WS.API\WS.API.csproj", "{4E545E0D-669A-4C4E-88F3-054899E61DBB}"
EndProject
Project("{FAE04EC0-301F-11D3-BF4B-00C04F79EFBC}") = "WS.MVCCore", "WS.MVCCore\WS.MVCCore.csproj", "{E2DED49D-4DB4-48B0-958F-808F0FC79F16}"
EndProject
Global
	GlobalSection(SolutionConfigurationPlatforms) = preSolution
		Debug|Any CPU = Debug|Any CPU
		Release|Any CPU = Release|Any CPU
	EndGlobalSection
	GlobalSection(ProjectConfigurationPlatforms) = postSolution
		{374B5966-D3DB-4983-9787-2E4F63FA0985}.Debug|Any CPU.ActiveCfg = Debug|Any CPU
		{374B5966-D3DB-4983-9787-2E4F63FA0985}.Debug|Any CPU.Build.0 = Debug|Any CPU
		{374B5966-D3DB-4983-9787-2E4F63FA0985}.Release|Any CPU.ActiveCfg = Release|Any CPU
		{374B5966-D3DB-4983-9787-2E4F63FA0985}.Release|Any CPU.Build.0 = Release|Any CPU
		{824458AE-34E5-4DA1-95D5-C2318B37AD77}.Debug|Any CPU.ActiveCfg = Debug|Any CPU
		{824458AE-34E5-4DA1-95D5-C2318B37AD77}.Debug|Any CPU.Build.0 = Debug|Any CPU
		{824458AE-34E5-4DA1-95D5-C2318B37AD77}.Release|Any CPU.ActiveCfg = Release|Any CPU
		{824458AE-34E5-4DA1-95D5-C2318B37AD77}.Release|Any CPU.Build.0 = Release|Any CPU
		{97362F32-F7A8-4EB1-BB43-3C4FA8B19048}.Debug|Any CPU.ActiveCfg = Debug|Any CPU
		{97362F32-F7A8-4EB1-BB43-3C4FA8B19048}.Debug|Any CPU.Build.0 = Debug|Any CPU
		{97362F32-F7A8-4EB1-BB43-3C4FA8B19048}.Release|Any CPU.ActiveCfg = Release|Any CPU
		{97362F32-F7A8-4EB1-BB43-3C4FA8B19048}.Release|Any CPU.Build.0 = Release|Any CPU
		{4E545E0D-669A-4C4E-88F3-054899E61DBB}.Debug|Any CPU.ActiveCfg = Debug|Any CPU
		{4E545E0D-669A-4C4E-88F3-054899E61DBB}.Debug|Any CPU.Build.0 = Debug|Any CPU
		{4E545E0D-669A-4C4E-88F3-054899E61DBB}.Release|Any CPU.ActiveCfg = Release|Any CPU
		{4E545E0D-669A-4C4E-88F3-054899E61DBB}.Release|Any CPU.Build.0 = Release|Any CPU
		{E2DED49D-4DB4-48B0-958F-808F0FC79F16}.Debug|Any CPU.ActiveCfg = Debug|Any CPU
		{E2DED49D-4DB4-48B0-958F-808F0FC79F16}.Debug|Any CPU.Build.0 = Debug|Any CPU
		{E2DED49D-4DB4-48B0-958F-808F0FC79F16}.Release|Any CPU.ActiveCfg = Release|Any CPU
		{E2DED49D-4DB4-48B0-958F-808F0FC79F16}.Release|Any CPU.Build.0 = Release|Any CPU
	EndGlobalSection
	GlobalSection(SolutionProperties) = preSolution
		HideSolutionNode = FALSE
	EndGlobalSection
	GlobalSection(ExtensibilityGlobals) = postSolution
		SolutionGuid = {293D00C3-1558-40CA-B52E-3CFB52A9FCBA}
	EndGlobalSection
EndGlobal
